
Microsoft Visual Studio Solution File, Format Version 12.00
# Visual Studio Version 16
VisualStudioVersion = 16.0.30114.105
MinimumVisualStudioVersion = 10.0.40219.1
Project("{9A19103F-16F7-4668-BE54-9A1E7A4F7556}") = "MooyongJz", "MooyongJz\MooyongJz.csproj", "{6968B627-D654-468A-B9E7-D07A4424482D}"
EndProject
Project("{9A19103F-16F7-4668-BE54-9A1E7A4F7556}") = "MooyongCommon", "MooyongCommon\MooyongCommon.csproj", "{D1CFE4D2-1D37-458F-B7CE-37BF6921F0E4}"
EndProject
Project("{9A19103F-16F7-4668-BE54-9A1E7A4F7556}") = "MooyongEntity", "MooyongEntity\MooyongEntity.csproj", "{B6557A32-7B6C-4A59-9726-F4DD3CAA042C}"
EndProject
Global
	GlobalSection(SolutionConfigurationPlatforms) = preSolution
		Debug|Any CPU = Debug|Any CPU
		Release|Any CPU = Release|Any CPU
	EndGlobalSection
	GlobalSection(ProjectConfigurationPlatforms) = postSolution
		{6968B627-D654-468A-B9E7-D07A4424482D}.Debug|Any CPU.ActiveCfg = Debug|Any CPU
		{6968B627-D654-468A-B9E7-D07A4424482D}.Debug|Any CPU.Build.0 = Debug|Any CPU
		{6968B627-D654-468A-B9E7-D07A4424482D}.Release|Any CPU.ActiveCfg = Release|Any CPU
		{6968B627-D654-468A-B9E7-D07A4424482D}.Release|Any CPU.Build.0 = Release|Any CPU
		{D1CFE4D2-1D37-458F-B7CE-37BF6921F0E4}.Debug|Any CPU.ActiveCfg = Debug|Any CPU
		{D1CFE4D2-1D37-458F-B7CE-37BF6921F0E4}.Debug|Any CPU.Build.0 = Debug|Any CPU
		{D1CFE4D2-1D37-458F-B7CE-37BF6921F0E4}.Release|Any CPU.ActiveCfg = Release|Any CPU
		{D1CFE4D2-1D37-458F-B7CE-37BF6921F0E4}.Release|Any CPU.Build.0 = Release|Any CPU
		{B6557A32-7B6C-4A59-9726-F4DD3CAA042C}.Debug|Any CPU.ActiveCfg = Debug|Any CPU
		{B6557A32-7B6C-4A59-9726-F4DD3CAA042C}.Debug|Any CPU.Build.0 = Debug|Any CPU
		{B6557A32-7B6C-4A59-9726-F4DD3CAA042C}.Release|Any CPU.ActiveCfg = Release|Any CPU
		{B6557A32-7B6C-4A59-9726-F4DD3CAA042C}.Release|Any CPU.Build.0 = Release|Any CPU
	EndGlobalSection
	GlobalSection(SolutionProperties) = preSolution
		HideSolutionNode = FALSE
	EndGlobalSection
	GlobalSection(ExtensibilityGlobals) = postSolution
		SolutionGuid = {AD6901B3-BB2B-4CAC-A024-E0041BF1C231}
	EndGlobalSection
EndGlobal
